// !$*UTF8*$!
{
	archiveVersion = 1;
	classes = {};
	objectVersion = 56;
	objects = {

/* Begin PBXBuildFile section */
		200000000000000000000001 /* InboxApp.swift in Sources */ = {isa = PBXBuildFile; fileRef = 100000000000000000000001 /* InboxApp.swift */; };
		200000000000000000000002 /* Shared.swift in Sources */ = {isa = PBXBuildFile; fileRef = 100000000000000000000002 /* Shared.swift */; };
		200000000000000000000003 /* ShareViewController.swift in Sources */ = {isa = PBXBuildFile; fileRef = 100000000000000000000003 /* ShareViewController.swift */; };
		200000000000000000000004 /* Shared.swift in Sources */ = {isa = PBXBuildFile; fileRef = 100000000000000000000002 /* Shared.swift */; };
		200000000000000000000005 /* InboxShareExtension.appex in Embed App Extensions */ = {isa = PBXBuildFile; fileRef = 100000000000000000000008 /* InboxShareExtension.appex */; settings = {ATTRIBUTES = (RemoveHeadersOnCopy, ); }; };
/* End PBXBuildFile section */

/* Begin PBXContainerItemProxy section */
		400000000000000000000001 /* PBXContainerItemProxy */ = {
			isa = PBXContainerItemProxy;
			containerPortal = 000000000000000000000001 /* Project object */;
			proxyType = 1;
			remoteGlobalIDString = 500000000000000000000002;
			remoteInfo = InboxShareExtension;
		};
/* End PBXContainerItemProxy section */

/* Begin PBXCopyFilesBuildPhase section */
		300000000000000000000004 /* Embed App Extensions */ = {
			isa = PBXCopyFilesBuildPhase;
			buildActionMask = 2147483647;
			dstPath = "";
			dstSubfolderSpec = 13;
			files = (200000000000000000000005 /* InboxShareExtension.appex in Embed App Extensions */, );
			name = "Embed App Extensions";
			runOnlyForDeploymentPostprocessing = 0;
		};
/* End PBXCopyFilesBuildPhase section */

/* Begin PBXFileReference section */
		100000000000000000000001 /* InboxApp.swift */ = {isa = PBXFileReference; lastKnownFileType = sourcecode.swift; path = InboxApp.swift; sourceTree = "<group>"; };
		100000000000000000000002 /* Shared.swift */ = {isa = PBXFileReference; lastKnownFileType = sourcecode.swift; path = Shared.swift; sourceTree = "<group>"; };
		100000000000000000000003 /* ShareViewController.swift */ = {isa = PBXFileReference; lastKnownFileType = sourcecode.swift; path = ShareViewController.swift; sourceTree = "<group>"; };
		100000000000000000000004 /* Inbox.entitlements */ = {isa = PBXFileReference; lastKnownFileType = text.plist.entitlements; path = Inbox.entitlements; sourceTree = "<group>"; };
		100000000000000000000005 /* Info.plist */ = {isa = PBXFileReference; lastKnownFileType = text.plist.xml; path = Info.plist; sourceTree = "<group>"; };
		100000000000000000000006 /* InboxShareExtension.entitlements */ = {isa = PBXFileReference; lastKnownFileType = text.plist.entitlements; path = InboxShareExtension.entitlements; sourceTree = "<group>"; };
		100000000000000000000007 /* Inbox.app */ = {isa = PBXFileReference; explicitFileType = wrapper.application; includeInIndex = 0; path = Inbox.app; sourceTree = BUILT_PRODUCTS_DIR; };
		100000000000000000000008 /* InboxShareExtension.appex */ = {isa = PBXFileReference; explicitFileType = "wrapper.app-extension"; includeInIndex = 0; path = InboxShareExtension.appex; sourceTree = BUILT_PRODUCTS_DIR; };
/* End PBXFileReference section */

/* Begin PBXFrameworksBuildPhase section */
		300000000000000000000002 /* Frameworks */ = {isa = PBXFrameworksBuildPhase; buildActionMask = 2147483647; files = (); runOnlyForDeploymentPostprocessing = 0; };
		300000000000000000000006 /* Frameworks */ = {isa = PBXFrameworksBuildPhase; buildActionMask = 2147483647; files = (); runOnlyForDeploymentPostprocessing = 0; };
/* End PBXFrameworksBuildPhase section */

/* Begin PBXGroup section */
		000000000000000000000002 = {
			isa = PBXGroup;
			children = (
				000000000000000000000003 /* Inbox */,
				000000000000000000000004 /* Shared */,
				000000000000000000000005 /* InboxShareExtension */,
				000000000000000000000006 /* Products */,
			);
			sourceTree = "<group>";
		};
		000000000000000000000003 /* Inbox */ = {
			isa = PBXGroup;
			children = (100000000000000000000001 /* InboxApp.swift */, 100000000000000000000004 /* Inbox.entitlements */, );
			path = Inbox;
			sourceTree = "<group>";
		};
		000000000000000000000004 /* Shared */ = {
			isa = PBXGroup;
			children = (100000000000000000000002 /* Shared.swift */, );
			path = Shared;
			sourceTree = "<group>";
		};
		000000000000000000000005 /* InboxShareExtension */ = {
			isa = PBXGroup;
			children = (100000000000000000000003 /* ShareViewController.swift */, 100000000000000000000005 /* Info.plist */, 100000000000000000000006 /* InboxShareExtension.entitlements */, );
			path = InboxShareExtension;
			sourceTree = "<group>";
		};
		000000000000000000000006 /* Products */ = {
			isa = PBXGroup;
			children = (100000000000000000000007 /* Inbox.app */, 100000000000000000000008 /* InboxShareExtension.appex */, );
			name = Products;
			sourceTree = "<group>";
		};
/* End PBXGroup section */

/* Begin PBXNativeTarget section */
		500000000000000000000001 /* Inbox */ = {
			isa = PBXNativeTarget;
			buildConfigurationList = 700000000000000000000001 /* Build configuration list for Inbox */;
			buildPhases = (300000000000000000000001 /* Sources */, 300000000000000000000002 /* Frameworks */, 300000000000000000000003 /* Resources */, 300000000000000000000004 /* Embed App Extensions */, );
			buildRules = ();
			dependencies = (400000000000000000000002 /* PBXTargetDependency */, );
			name = Inbox;
			productName = Inbox;
			productReference = 100000000000000000000007 /* Inbox.app */;
			productType = "com.apple.product-type.application";
		};
		500000000000000000000002 /* InboxShareExtension */ = {
			isa = PBXNativeTarget;
			buildConfigurationList = 700000000000000000000002 /* Build configuration list for InboxShareExtension */;
			buildPhases = (300000000000000000000005 /* Sources */, 300000000000000000000006 /* Frameworks */, 300000000000000000000007 /* Resources */, );
			buildRules = ();
			dependencies = ();
			name = InboxShareExtension;
			productName = InboxShareExtension;
			productReference = 100000000000000000000008 /* InboxShareExtension.appex */;
			productType = "com.apple.product-type.app-extension";
		};
/* End PBXNativeTarget section */

/* Begin PBXProject section */
		000000000000000000000001 /* Project object */ = {
			isa = PBXProject;
			attributes = {
				BuildIndependentTargetsInParallel = 1;
				LastSwiftUpdateCheck = 1600;
				LastUpgradeCheck = 1600;
				TargetAttributes = {
					500000000000000000000001 = {CreatedOnToolsVersion = 16.0; };
					500000000000000000000002 = {CreatedOnToolsVersion = 16.0; };
				};
			};
			buildConfigurationList = 700000000000000000000003 /* Build configuration list for PBXProject inbox */;
			compatibilityVersion = "Xcode 14.0";
			developmentRegion = en;
			hasScannedForEncodings = 0;
			knownRegions = (en, Base, );
			mainGroup = 000000000000000000000002;
			productRefGroup = 000000000000000000000006 /* Products */;
			projectDirPath = "";
			projectRoot = "";
			targets = (500000000000000000000001 /* Inbox */, 500000000000000000000002 /* InboxShareExtension */, );
		};
/* End PBXProject section */

/* Begin PBXResourcesBuildPhase section */
		300000000000000000000003 /* Resources */ = {isa = PBXResourcesBuildPhase; buildActionMask = 2147483647; files = (); runOnlyForDeploymentPostprocessing = 0; };
		300000000000000000000007 /* Resources */ = {isa = PBXResourcesBuildPhase; buildActionMask = 2147483647; files = (); runOnlyForDeploymentPostprocessing = 0; };
/* End PBXResourcesBuildPhase section */

/* Begin PBXSourcesBuildPhase section */
		300000000000000000000001 /* Sources */ = {
			isa = PBXSourcesBuildPhase;
			buildActionMask = 2147483647;
			files = (200000000000000000000001 /* InboxApp.swift in Sources */, 200000000000000000000002 /* Shared.swift in Sources */, );
			runOnlyForDeploymentPostprocessing = 0;
		};
		300000000000000000000005 /* Sources */ = {
			isa = PBXSourcesBuildPhase;
			buildActionMask = 2147483647;
			files = (200000000000000000000003 /* ShareViewController.swift in Sources */, 200000000000000000000004 /* Shared.swift in Sources */, );
			runOnlyForDeploymentPostprocessing = 0;
		};
/* End PBXSourcesBuildPhase section */

/* Begin PBXTargetDependency section */
		400000000000000000000002 /* PBXTargetDependency */ = {isa = PBXTargetDependency; target = 500000000000000000000002 /* InboxShareExtension */; targetProxy = 400000000000000000000001 /* PBXContainerItemProxy */; };
/* End PBXTargetDependency section */

/* Begin XCBuildConfiguration section */
		800000000000000000000001 /* Debug Inbox */ = {isa = XCBuildConfiguration; buildSettings = {CODE_SIGN_ENTITLEMENTS = Inbox/Inbox.entitlements; CODE_SIGN_STYLE = Automatic; CURRENT_PROJECT_VERSION = 1; GENERATE_INFOPLIST_FILE = YES; INFOPLIST_KEY_CFBundleDisplayName = Inbox; INFOPLIST_KEY_LSApplicationCategoryType = "public.app-category.productivity"; INFOPLIST_KEY_UIApplicationSceneManifest_Generation = YES; INFOPLIST_KEY_UIApplicationSupportsIndirectInputEvents = YES; INFOPLIST_KEY_UILaunchScreen_Generation = YES; IPHONEOS_DEPLOYMENT_TARGET = 17.0; MARKETING_VERSION = 0.1.0; PRODUCT_BUNDLE_IDENTIFIER = de.knodelt.Inbox; PRODUCT_NAME = "$(TARGET_NAME)"; SDKROOT = iphoneos; SUPPORTED_PLATFORMS = "iphoneos iphonesimulator"; SUPPORTS_MACCATALYST = NO; SWIFT_VERSION = 5.0; TARGETED_DEVICE_FAMILY = 1; }; name = Debug; };
		800000000000000000000002 /* Release Inbox */ = {isa = XCBuildConfiguration; buildSettings = {CODE_SIGN_ENTITLEMENTS = Inbox/Inbox.entitlements; CODE_SIGN_STYLE = Automatic; CURRENT_PROJECT_VERSION = 1; GENERATE_INFOPLIST_FILE = YES; INFOPLIST_KEY_CFBundleDisplayName = Inbox; INFOPLIST_KEY_LSApplicationCategoryType = "public.app-category.productivity"; INFOPLIST_KEY_UIApplicationSceneManifest_Generation = YES; INFOPLIST_KEY_UIApplicationSupportsIndirectInputEvents = YES; INFOPLIST_KEY_UILaunchScreen_Generation = YES; IPHONEOS_DEPLOYMENT_TARGET = 17.0; MARKETING_VERSION = 0.1.0; PRODUCT_BUNDLE_IDENTIFIER = de.knodelt.Inbox; PRODUCT_NAME = "$(TARGET_NAME)"; SDKROOT = iphoneos; SUPPORTED_PLATFORMS = "iphoneos iphonesimulator"; SUPPORTS_MACCATALYST = NO; SWIFT_VERSION = 5.0; TARGETED_DEVICE_FAMILY = 1; }; name = Release; };
		800000000000000000000003 /* Debug Extension */ = {isa = XCBuildConfiguration; buildSettings = {CODE_SIGN_ENTITLEMENTS = InboxShareExtension/InboxShareExtension.entitlements; CODE_SIGN_STYLE = Automatic; CURRENT_PROJECT_VERSION = 1; GENERATE_INFOPLIST_FILE = NO; INFOPLIST_FILE = InboxShareExtension/Info.plist; IPHONEOS_DEPLOYMENT_TARGET = 17.0; MARKETING_VERSION = 0.1.0; PRODUCT_BUNDLE_IDENTIFIER = de.knodelt.Inbox.ShareExtension; PRODUCT_NAME = "$(TARGET_NAME)"; SDKROOT = iphoneos; SKIP_INSTALL = YES; SUPPORTED_PLATFORMS = "iphoneos iphonesimulator"; SWIFT_VERSION = 5.0; TARGETED_DEVICE_FAMILY = 1; }; name = Debug; };
		800000000000000000000004 /* Release Extension */ = {isa = XCBuildConfiguration; buildSettings = {CODE_SIGN_ENTITLEMENTS = InboxShareExtension/InboxShareExtension.entitlements; CODE_SIGN_STYLE = Automatic; CURRENT_PROJECT_VERSION = 1; GENERATE_INFOPLIST_FILE = NO; INFOPLIST_FILE = InboxShareExtension/Info.plist; IPHONEOS_DEPLOYMENT_TARGET = 17.0; MARKETING_VERSION = 0.1.0; PRODUCT_BUNDLE_IDENTIFIER = de.knodelt.Inbox.ShareExtension; PRODUCT_NAME = "$(TARGET_NAME)"; SDKROOT = iphoneos; SKIP_INSTALL = YES; SUPPORTED_PLATFORMS = "iphoneos iphonesimulator"; SWIFT_VERSION = 5.0; TARGETED_DEVICE_FAMILY = 1; }; name = Release; };
		800000000000000000000005 /* Debug Project */ = {isa = XCBuildConfiguration; buildSettings = {ALWAYS_SEARCH_USER_PATHS = NO; CLANG_ENABLE_MODULES = YES; CLANG_ENABLE_OBJC_ARC = YES; COPY_PHASE_STRIP = NO; DEBUG_INFORMATION_FORMAT = dwarf; ENABLE_TESTABILITY = YES; GCC_C_LANGUAGE_STANDARD = gnu17; GCC_NO_COMMON_BLOCKS = YES; GCC_OPTIMIZATION_LEVEL = 0; IPHONEOS_DEPLOYMENT_TARGET = 17.0; ONLY_ACTIVE_ARCH = YES; SDKROOT = iphoneos; SWIFT_ACTIVE_COMPILATION_CONDITIONS = "DEBUG $(inherited)"; SWIFT_OPTIMIZATION_LEVEL = "-Onone"; }; name = Debug; };
		800000000000000000000006 /* Release Project */ = {isa = XCBuildConfiguration; buildSettings = {ALWAYS_SEARCH_USER_PATHS = NO; CLANG_ENABLE_MODULES = YES; CLANG_ENABLE_OBJC_ARC = YES; COPY_PHASE_STRIP = NO; DEBUG_INFORMATION_FORMAT = "dwarf-with-dsym"; ENABLE_NS_ASSERTIONS = NO; GCC_C_LANGUAGE_STANDARD = gnu17; GCC_NO_COMMON_BLOCKS = YES; IPHONEOS_DEPLOYMENT_TARGET = 17.0; SDKROOT = iphoneos; SWIFT_COMPILATION_MODE = wholemodule; VALIDATE_PRODUCT = YES; }; name = Release; };
/* End XCBuildConfiguration section */

/* Begin XCConfigurationList section */
		700000000000000000000001 /* Build configuration list for Inbox */ = {isa = XCConfigurationList; buildConfigurations = (800000000000000000000001 /* Debug Inbox */, 800000000000000000000002 /* Release Inbox */, ); defaultConfigurationIsVisible = 0; defaultConfigurationName = Release; };
		700000000000000000000002 /* Build configuration list for InboxShareExtension */ = {isa = XCConfigurationList; buildConfigurations = (800000000000000000000003 /* Debug Extension */, 800000000000000000000004 /* Release Extension */, ); defaultConfigurationIsVisible = 0; defaultConfigurationName = Release; };
		700000000000000000000003 /* Build configuration list for PBXProject inbox */ = {isa = XCConfigurationList; buildConfigurations = (800000000000000000000005 /* Debug Project */, 800000000000000000000006 /* Release Project */, ); defaultConfigurationIsVisible = 0; defaultConfigurationName = Release; };
/* End XCConfigurationList section */
	};
	rootObject = 000000000000000000000001 /* Project object */;
}
